
Microsoft Visual Studio Solution File, Format Version 12.00
# Visual Studio Version 16
VisualStudioVersion = 16.0.29613.14
MinimumVisualStudioVersion = 10.0.40219.1
Project("{9A19103F-16F7-4668-BE54-9A1E7A4F7556}") = "WPFUI", "WPFUI\WPFUI.csproj", "{1170E990-0026-480F-928C-A8AD3F88763D}"
EndProject
Project("{9A19103F-16F7-4668-BE54-9A1E7A4F7556}") = "HillLabTestEntities", "..\..\HillLabTest\HillLabTestEntities\HillLabTestEntities.csproj", "{01B27309-151C-46CF-9607-4358CA6DB4A7}"
EndProject
Global
	GlobalSection(SolutionConfigurationPlatforms) = preSolution
		Debug|Any CPU = Debug|Any CPU
		Release|Any CPU = Release|Any CPU
	EndGlobalSection
	GlobalSection(ProjectConfigurationPlatforms) = postSolution
		{1170E990-0026-480F-928C-A8AD3F88763D}.Debug|Any CPU.ActiveCfg = Debug|Any CPU
		{1170E990-0026-480F-928C-A8AD3F88763D}.Debug|Any CPU.Build.0 = Debug|Any CPU
		{1170E990-0026-480F-928C-A8AD3F88763D}.Release|Any CPU.ActiveCfg = Release|Any CPU
		{1170E990-0026-480F-928C-A8AD3F88763D}.Release|Any CPU.Build.0 = Release|Any CPU
		{01B27309-151C-46CF-9607-4358CA6DB4A7}.Debug|Any CPU.ActiveCfg = Debug|Any CPU
		{01B27309-151C-46CF-9607-4358CA6DB4A7}.Debug|Any CPU.Build.0 = Debug|Any CPU
		{01B27309-151C-46CF-9607-4358CA6DB4A7}.Release|Any CPU.ActiveCfg = Release|Any CPU
		{01B27309-151C-46CF-9607-4358CA6DB4A7}.Release|Any CPU.Build.0 = Release|Any CPU
	EndGlobalSection
	GlobalSection(SolutionProperties) = preSolution
		HideSolutionNode = FALSE
	EndGlobalSection
	GlobalSection(ExtensibilityGlobals) = postSolution
		SolutionGuid = {34A80104-A512-44C3-8EC3-858A00CBE4AD}
	EndGlobalSection
EndGlobal
